
Microsoft Visual Studio Solution File, Format Version 12.00
# Visual Studio Version 16
VisualStudioVersion = 16.0.30523.141
MinimumVisualStudioVersion = 10.0.40219.1
Project("{FAE04EC0-301F-11D3-BF4B-00C04F79EFBC}") = "SourceRcon.Net", "SourceRcon.Net\SourceRcon.Net.csproj", "{D864649E-FD76-4D28-8410-37230765768B}"
EndProject
Project("{FAE04EC0-301F-11D3-BF4B-00C04F79EFBC}") = "SourceRcon.Net.Tests", "SourceRcon.Net.Tests\SourceRcon.Net.Tests.csproj", "{04BF2E0E-355B-41B6-942C-12ECB163FCA4}"
EndProject
Project("{FAE04EC0-301F-11D3-BF4B-00C04F79EFBC}") = "SourceRcon.Net.Demo", "SourceRcon.Net.Demo\SourceRcon.Net.Demo.csproj", "{32797A9A-55F1-4282-8C17-E9C7DF853288}"
EndProject
Global
	GlobalSection(SolutionConfigurationPlatforms) = preSolution
		Debug|Any CPU = Debug|Any CPU
		Release|Any CPU = Release|Any CPU
	EndGlobalSection
	GlobalSection(ProjectConfigurationPlatforms) = postSolution
		{D864649E-FD76-4D28-8410-37230765768B}.Debug|Any CPU.ActiveCfg = Debug|Any CPU
		{D864649E-FD76-4D28-8410-37230765768B}.Debug|Any CPU.Build.0 = Debug|Any CPU
		{D864649E-FD76-4D28-8410-37230765768B}.Release|Any CPU.ActiveCfg = Release|Any CPU
		{D864649E-FD76-4D28-8410-37230765768B}.Release|Any CPU.Build.0 = Release|Any CPU
		{04BF2E0E-355B-41B6-942C-12ECB163FCA4}.Debug|Any CPU.ActiveCfg = Debug|Any CPU
		{04BF2E0E-355B-41B6-942C-12ECB163FCA4}.Debug|Any CPU.Build.0 = Debug|Any CPU
		{04BF2E0E-355B-41B6-942C-12ECB163FCA4}.Release|Any CPU.ActiveCfg = Release|Any CPU
		{04BF2E0E-355B-41B6-942C-12ECB163FCA4}.Release|Any CPU.Build.0 = Release|Any CPU
		{32797A9A-55F1-4282-8C17-E9C7DF853288}.Debug|Any CPU.ActiveCfg = Debug|Any CPU
		{32797A9A-55F1-4282-8C17-E9C7DF853288}.Debug|Any CPU.Build.0 = Debug|Any CPU
		{32797A9A-55F1-4282-8C17-E9C7DF853288}.Release|Any CPU.ActiveCfg = Release|Any CPU
		{32797A9A-55F1-4282-8C17-E9C7DF853288}.Release|Any CPU.Build.0 = Release|Any CPU
	EndGlobalSection
	GlobalSection(SolutionProperties) = preSolution
		HideSolutionNode = FALSE
	EndGlobalSection
	GlobalSection(ExtensibilityGlobals) = postSolution
		SolutionGuid = {84685CC8-15AA-445D-9135-EDEA6B9B824C}
	EndGlobalSection
EndGlobal
